
Microsoft Visual Studio Solution File, Format Version 12.00
# Visual Studio Version 17
VisualStudioVersion = 17.11.35327.3
MinimumVisualStudioVersion = 10.0.40219.1
Project("{8BC9CEB8-8B4A-11D0-8D11-00A0C91BC942}") = "ModernDreamClient", "ModernDreamClient\ModernDreamClient.vcxproj", "{91DA4712-A3E0-4CA0-93C2-B5E0F952A75B}"
EndProject
Global
	GlobalSection(SolutionConfigurationPlatforms) = preSolution
		Debug|x64 = Debug|x64
		Release|x64 = Release|x64
	EndGlobalSection
	GlobalSection(ProjectConfigurationPlatforms) = postSolution
		{91DA4712-A3E0-4CA0-93C2-B5E0F952A75B}.Debug|x64.ActiveCfg = Debug|x64
		{91DA4712-A3E0-4CA0-93C2-B5E0F952A75B}.Debug|x64.Build.0 = Debug|x64
		{91DA4712-A3E0-4CA0-93C2-B5E0F952A75B}.Release|x64.ActiveCfg = Release|x64
		{91DA4712-A3E0-4CA0-93C2-B5E0F952A75B}.Release|x64.Build.0 = Release|x64
	EndGlobalSection
	GlobalSection(SolutionProperties) = preSolution
		HideSolutionNode = FALSE
	EndGlobalSection
	GlobalSection(ExtensibilityGlobals) = postSolution
		SolutionGuid = {1712222A-48A2-4524-AE95-7F846C57BC7F}
	EndGlobalSection
EndGlobal
